Microsoft Visual Studio Solution File, Format Version 11.00
# Visual Studio 2008

Project("{4CBA1756-FE6B-3FA9-5E8B-E01684789177}") = "FinalProjectStuff", "Assembly-CSharp-firstpass.csproj", "{34A88B69-4F3A-9816-F9BB-DAA2E74DC0A5}"
EndProject
Project("{4CBA1756-FE6B-3FA9-5E8B-E01684789177}") = "FinalProjectStuff", "Assembly-UnityScript-firstpass.unityproj", "{27BD51EE-D86A-09C9-D184-80B0903CC424}"
EndProject
Project("{4CBA1756-FE6B-3FA9-5E8B-E01684789177}") = "FinalProjectStuff", "Assembly-UnityScript.unityproj", "{A5E63B05-5FA8-4395-ED7E-317D13E23145}"
EndProject
Global
	GlobalSection(SolutionConfigurationPlatforms) = preSolution
		Debug|Any CPU = Debug|Any CPU
		Release|Any CPU = Release|Any CPU
	EndGlobalSection
	GlobalSection(ProjectConfigurationPlatforms) = postSolution
		{34A88B69-4F3A-9816-F9BB-DAA2E74DC0A5}.Debug|Any CPU.ActiveCfg = Debug|Any CPU
		{34A88B69-4F3A-9816-F9BB-DAA2E74DC0A5}.Debug|Any CPU.Build.0 = Debug|Any CPU
		{34A88B69-4F3A-9816-F9BB-DAA2E74DC0A5}.Release|Any CPU.ActiveCfg = Release|Any CPU
		{34A88B69-4F3A-9816-F9BB-DAA2E74DC0A5}.Release|Any CPU.Build.0 = Release|Any CPU
		{27BD51EE-D86A-09C9-D184-80B0903CC424}.Debug|Any CPU.ActiveCfg = Debug|Any CPU
		{27BD51EE-D86A-09C9-D184-80B0903CC424}.Debug|Any CPU.Build.0 = Debug|Any CPU
		{27BD51EE-D86A-09C9-D184-80B0903CC424}.Release|Any CPU.ActiveCfg = Release|Any CPU
		{27BD51EE-D86A-09C9-D184-80B0903CC424}.Release|Any CPU.Build.0 = Release|Any CPU
		{A5E63B05-5FA8-4395-ED7E-317D13E23145}.Debug|Any CPU.ActiveCfg = Debug|Any CPU
		{A5E63B05-5FA8-4395-ED7E-317D13E23145}.Debug|Any CPU.Build.0 = Debug|Any CPU
		{A5E63B05-5FA8-4395-ED7E-317D13E23145}.Release|Any CPU.ActiveCfg = Release|Any CPU
		{A5E63B05-5FA8-4395-ED7E-317D13E23145}.Release|Any CPU.Build.0 = Release|Any CPU
	EndGlobalSection
	GlobalSection(SolutionProperties) = preSolution
		HideSolutionNode = FALSE
	EndGlobalSection
																		GlobalSection(MonoDevelopProperties) = preSolution
		StartupItem = Assembly-CSharp.csproj
		Policies = $0
		$0.TextStylePolicy = $1
		$1.inheritsSet = null
		$1.scope = text/x-csharp
		$0.CSharpFormattingPolicy = $2
		$2.inheritsSet = Mono
		$2.inheritsScope = text/x-csharp
		$2.scope = text/x-csharp
		$0.TextStylePolicy = $3
		$3.FileWidth = 120
		$3.TabWidth = 4
		$3.EolMarker = Unix
		$3.inheritsSet = Mono
		$3.inheritsScope = text/plain
		$3.scope = text/plain
	EndGlobalSection

EndGlobal
